
Microsoft Visual Studio Solution File, Format Version 12.00
# Visual Studio Version 17
VisualStudioVersion = 17.2.32616.157
MinimumVisualStudioVersion = 10.0.40219.1
Project("{9A19103F-16F7-4668-BE54-9A1E7A4F7556}") = "Roshambo", "Roshambo\Roshambo.csproj", "{2C18FC50-E48A-418F-B617-BDE284E9F3A9}"
EndProject
Project("{FAE04EC0-301F-11D3-BF4B-00C04F79EFBC}") = "RoshamboTest", "RoshamboTest\RoshamboTest.csproj", "{2A65FFFD-B5E3-4E32-89C3-5F745C773790}"
EndProject
Global
	GlobalSection(SolutionConfigurationPlatforms) = preSolution
		Debug|Any CPU = Debug|Any CPU
		Release|Any CPU = Release|Any CPU
	EndGlobalSection
	GlobalSection(ProjectConfigurationPlatforms) = postSolution
		{2C18FC50-E48A-418F-B617-BDE284E9F3A9}.Debug|Any CPU.ActiveCfg = Debug|Any CPU
		{2C18FC50-E48A-418F-B617-BDE284E9F3A9}.Debug|Any CPU.Build.0 = Debug|Any CPU
		{2C18FC50-E48A-418F-B617-BDE284E9F3A9}.Release|Any CPU.ActiveCfg = Release|Any CPU
		{2C18FC50-E48A-418F-B617-BDE284E9F3A9}.Release|Any CPU.Build.0 = Release|Any CPU
		{2A65FFFD-B5E3-4E32-89C3-5F745C773790}.Debug|Any CPU.ActiveCfg = Debug|Any CPU
		{2A65FFFD-B5E3-4E32-89C3-5F745C773790}.Debug|Any CPU.Build.0 = Debug|Any CPU
		{2A65FFFD-B5E3-4E32-89C3-5F745C773790}.Release|Any CPU.ActiveCfg = Release|Any CPU
		{2A65FFFD-B5E3-4E32-89C3-5F745C773790}.Release|Any CPU.Build.0 = Release|Any CPU
	EndGlobalSection
	GlobalSection(SolutionProperties) = preSolution
		HideSolutionNode = FALSE
	EndGlobalSection
	GlobalSection(ExtensibilityGlobals) = postSolution
		SolutionGuid = {910584BF-9354-4A4C-9780-45C66304E0C4}
	EndGlobalSection
EndGlobal
